# THIS IS AN AUTOGENERATED FILE. DO NOT EDIT THIS FILE DIRECTLY.
# yarn lockfile v1


flatten-tailwindcss-theme@^0.1.1:
  version "0.1.1"
  resolved "https://registry.yarnpkg.com/flatten-tailwindcss-theme/-/flatten-tailwindcss-theme-0.1.1.tgz#c74a06aeb98e110b8f711ec26a973be74fc62a0b"
  integrity sha512-H4VV6pXPVX+NZMy4Ddky+Ae3y8hRrDmYn1piauHx3nPWa/4YS6ufL2G4crxqisGawHGztSTJ5TjZkmiyTA035Q==

prettier@^2.6.2:
  version "2.6.2"
  resolved "https://registry.yarnpkg.com/prettier/-/prettier-2.6.2.tgz#e26d71a18a74c3d0f0597f55f01fb6c06c206032"
  integrity sha512-PkUpF+qoXTqhOeWL9fu7As8LXsIUZ1WYaJiY/a7McAQzxjk82OF0tibkFXVCDImZtWxbvojFjerkiLb0/q8mew==
